
Microsoft Visual Studio Solution File, Format Version 12.00
# Visual Studio Version 17
VisualStudioVersion = 17.14.36811.4 d17.14
MinimumVisualStudioVersion = 10.0.40219.1
Project("{FAE04EC0-301F-11D3-BF4B-00C04F79EFBC}") = "backend", "backend.csproj", "{CCBA4C82-BF58-4BE7-B253-EC84286F17FF}"
EndProject
Global
	GlobalSection(SolutionConfigurationPlatforms) = preSolution
		Debug|Any CPU = Debug|Any CPU
		Release|Any CPU = Release|Any CPU
	EndGlobalSection
	GlobalSection(ProjectConfigurationPlatforms) = postSolution
		{CCBA4C82-BF58-4BE7-B253-EC84286F17FF}.Debug|Any CPU.ActiveCfg = Debug|Any CPU
		{CCBA4C82-BF58-4BE7-B253-EC84286F17FF}.Debug|Any CPU.Build.0 = Debug|Any CPU
		{CCBA4C82-BF58-4BE7-B253-EC84286F17FF}.Release|Any CPU.ActiveCfg = Release|Any CPU
		{CCBA4C82-BF58-4BE7-B253-EC84286F17FF}.Release|Any CPU.Build.0 = Release|Any CPU
	EndGlobalSection
	GlobalSection(SolutionProperties) = preSolution
		HideSolutionNode = FALSE
	EndGlobalSection
	GlobalSection(ExtensibilityGlobals) = postSolution
		SolutionGuid = {7C51986D-C029-4AC2-BCD8-EED0E5FFD74E}
	EndGlobalSection
EndGlobal
